# Generated by pub
# See https://dart.dev/tools/pub/glossary#lockfile
packages:
  after_layout:
    dependency: transitive
    description:
      name: after_layout
      url: "http://pub.lan.wiqun.com"
    source: hosted
    version: "1.0.7+2"
  agora_rtc_engine:
    dependency: "direct main"
    description:
      name: agora_rtc_engine
      url: "http://pub.lan.wiqun.com"
    source: hosted
    version: "1.0.6"
  async:
    dependency: transitive
    description:
      name: async
      url: "http://pub.lan.wiqun.com"
    source: hosted
    version: "2.3.0"
  audioplayers:
    dependency: "direct main"
    description:
      name: audioplayers
      url: "http://pub.lan.wiqun.com"
    source: hosted
    version: "0.13.6"
  boolean_selector:
    dependency: transitive
    description:
      name: boolean_selector
      url: "http://pub.lan.wiqun.com"
    source: hosted
    version: "1.0.5"
  charcode:
    dependency: transitive
    description:
      name: charcode
      url: "http://pub.lan.wiqun.com"
    source: hosted
    version: "1.1.2"
  collection:
    dependency: transitive
    description:
      name: collection
      url: "http://pub.lan.wiqun.com"
    source: hosted
    version: "1.14.11"
  common_utils:
    dependency: "direct main"
    description:
      name: common_utils
      url: "http://pub.lan.wiqun.com"
    source: hosted
    version: "1.1.3"
  convert:
    dependency: transitive
    description:
      name: convert
      url: "http://pub.lan.wiqun.com"
    source: hosted
    version: "2.1.1"
  crypto:
    dependency: transitive
    description:
      name: crypto
      url: "http://pub.lan.wiqun.com"
    source: hosted
    version: "2.1.4"
  cupertino_icons:
    dependency: "direct main"
    description:
      name: cupertino_icons
      url: "http://pub.lan.wiqun.com"
    source: hosted
    version: "0.1.3"
  curved_navigation_bar:
    dependency: "direct main"
    description:
      name: curved_navigation_bar
      url: "http://pub.lan.wiqun.com"
    source: hosted
    version: "0.3.2"
  decimal:
    dependency: transitive
    description:
      name: decimal
      url: "http://pub.lan.wiqun.com"
    source: hosted
    version: "0.3.5"
  dio:
    dependency: "direct main"
    description:
      name: dio
      url: "http://pub.lan.wiqun.com"
    source: hosted
    version: "3.0.9"
  drag_list:
    dependency: "direct main"
    description:
      name: drag_list
      url: "http://pub.lan.wiqun.com"
    source: hosted
    version: "1.0.8"
  event_bus:
    dependency: "direct main"
    description:
      name: event_bus
      url: "http://pub.lan.wiqun.com"
    source: hosted
    version: "1.1.1"
  firebase_analytics:
    dependency: "direct main"
    description:
      name: firebase_analytics
      url: "http://pub.lan.wiqun.com"
    source: hosted
    version: "5.0.2"
  firebase_auth:
    dependency: "direct main"
    description:
      name: firebase_auth
      url: "http://pub.lan.wiqun.com"
    source: hosted
    version: "0.15.0+1"
  firebase_core:
    dependency: "direct main"
    description:
      name: firebase_core
      url: "http://pub.lan.wiqun.com"
    source: hosted
    version: "0.4.0+9"
  firebase_database:
    dependency: "direct main"
    description:
      name: firebase_database
      url: "http://pub.lan.wiqun.com"
    source: hosted
    version: "3.1.0"
  firebase_storage:
    dependency: "direct main"
    description:
      name: firebase_storage
      url: "http://pub.lan.wiqun.com"
    source: hosted
    version: "3.0.10"
  flutter:
    dependency: "direct main"
    description: flutter
    source: sdk
    version: "0.0.0"
  flutter_full_pdf_viewer:
    dependency: "direct main"
    description:
      name: flutter_full_pdf_viewer
      url: "http://pub.lan.wiqun.com"
    source: hosted
    version: "1.0.6"
  flutter_page_indicator:
    dependency: transitive
    description:
      name: flutter_page_indicator
      url: "http://pub.lan.wiqun.com"
    source: hosted
    version: "0.0.3"
  flutter_picker:
    dependency: "direct main"
    description:
      name: flutter_picker
      url: "http://pub.lan.wiqun.com"
    source: hosted
    version: "1.1.4"
  flutter_screenutil:
    dependency: "direct main"
    description:
      name: flutter_screenutil
      url: "http://pub.lan.wiqun.com"
    source: hosted
    version: "0.5.3"
  flutter_slidable:
    dependency: "direct main"
    description:
      name: flutter_slidable
      url: "http://pub.lan.wiqun.com"
    source: hosted
    version: "0.5.4"
  flutter_speed_dial:
    dependency: "direct main"
    description:
      name: flutter_speed_dial
      url: "http://pub.lan.wiqun.com"
    source: hosted
    version: "1.2.5"
  flutter_staggered_animations:
    dependency: "direct main"
    description:
      name: flutter_staggered_animations
      url: "http://pub.lan.wiqun.com"
    source: hosted
    version: "0.1.2"
  flutter_swiper:
    dependency: "direct main"
    description:
      name: flutter_swiper
      url: "http://pub.lan.wiqun.com"
    source: hosted
    version: "1.1.6"
  flutter_test:
    dependency: "direct dev"
    description: flutter
    source: sdk
    version: "0.0.0"
  google_sign_in:
    dependency: "direct main"
    description:
      name: google_sign_in
      url: "http://pub.lan.wiqun.com"
    source: hosted
    version: "4.0.14"
  google_sign_in_platform_interface:
    dependency: transitive
    description:
      name: google_sign_in_platform_interface
      url: "http://pub.lan.wiqun.com"
    source: hosted
    version: "1.0.2"
  http:
    dependency: "direct main"
    description:
      name: http
      url: "http://pub.lan.wiqun.com"
    source: hosted
    version: "0.12.1"
  http_parser:
    dependency: transitive
    description:
      name: http_parser
      url: "http://pub.lan.wiqun.com"
    source: hosted
    version: "3.1.4"
  image_picker:
    dependency: "direct main"
    description:
      name: image_picker
      url: "http://pub.lan.wiqun.com"
    source: hosted
    version: "0.6.2"
  image_picker_saver:
    dependency: "direct main"
    description:
      name: image_picker_saver
      url: "http://pub.lan.wiqun.com"
    source: hosted
    version: "0.3.0"
  intl:
    dependency: "direct main"
    description:
      name: intl
      url: "http://pub.lan.wiqun.com"
    source: hosted
    version: "0.16.1"
  liquid_swipe:
    dependency: "direct main"
    description:
      name: liquid_swipe
      url: "http://pub.lan.wiqun.com"
    source: hosted
    version: "1.3.1"
  local_auth:
    dependency: "direct main"
    description:
      name: local_auth
      url: "http://pub.lan.wiqun.com"
    source: hosted
    version: "0.6.1"
  matcher:
    dependency: transitive
    description:
      name: matcher
      url: "http://pub.lan.wiqun.com"
    source: hosted
    version: "0.12.5"
  meta:
    dependency: transitive
    description:
      name: meta
      url: "http://pub.lan.wiqun.com"
    source: hosted
    version: "1.1.7"
  mini_calendar:
    dependency: "direct main"
    description:
      name: mini_calendar
      url: "http://pub.lan.wiqun.com"
    source: hosted
    version: "0.3.2"
  orientation:
    dependency: "direct main"
    description:
      name: orientation
      url: "http://pub.lan.wiqun.com"
    source: hosted
    version: "1.1.0"
  path:
    dependency: transitive
    description:
      name: path
      url: "http://pub.lan.wiqun.com"
    source: hosted
    version: "1.6.4"
  path_provider:
    dependency: transitive
    description:
      name: path_provider
      url: "http://pub.lan.wiqun.com"
    source: hosted
    version: "1.4.4"
  pedantic:
    dependency: transitive
    description:
      name: pedantic
      url: "http://pub.lan.wiqun.com"
    source: hosted
    version: "1.8.0+1"
  permission_handler:
    dependency: "direct main"
    description:
      name: permission_handler
      url: "http://pub.lan.wiqun.com"
    source: hosted
    version: "3.3.0"
  photo_view:
    dependency: "direct main"
    description:
      name: photo_view
      url: "http://pub.lan.wiqun.com"
    source: hosted
    version: "0.4.2"
  platform:
    dependency: transitive
    description:
      name: platform
      url: "http://pub.lan.wiqun.com"
    source: hosted
    version: "2.2.1"
  provider:
    dependency: "direct main"
    description:
      name: provider
      url: "http://pub.lan.wiqun.com"
    source: hosted
    version: "3.1.0+1"
  qrscan:
    dependency: "direct main"
    description:
      name: qrscan
      url: "http://pub.lan.wiqun.com"
    source: hosted
    version: "0.2.17"
  quiver:
    dependency: transitive
    description:
      name: quiver
      url: "http://pub.lan.wiqun.com"
    source: hosted
    version: "2.0.5"
  rational:
    dependency: transitive
    description:
      name: rational
      url: "http://pub.lan.wiqun.com"
    source: hosted
    version: "0.3.8"
  shared_preferences:
    dependency: "direct main"
    description:
      name: shared_preferences
      url: "http://pub.lan.wiqun.com"
    source: hosted
    version: "0.5.4+8"
  shared_preferences_platform_interface:
    dependency: transitive
    description:
      name: shared_preferences_platform_interface
      url: "http://pub.lan.wiqun.com"
    source: hosted
    version: "1.0.1"
  simple_animations:
    dependency: "direct main"
    description:
      name: simple_animations
      url: "http://pub.lan.wiqun.com"
    source: hosted
    version: "1.3.8"
  simple_gesture_detector:
    dependency: transitive
    description:
      name: simple_gesture_detector
      url: "http://pub.lan.wiqun.com"
    source: hosted
    version: "0.1.4"
  sky_engine:
    dependency: transitive
    description: flutter
    source: sdk
    version: "0.0.99"
  sliding_up_panel:
    dependency: "direct main"
    description:
      name: sliding_up_panel
      url: "http://pub.lan.wiqun.com"
    source: hosted
    version: "0.3.6"
  source_span:
    dependency: transitive
    description:
      name: source_span
      url: "http://pub.lan.wiqun.com"
    source: hosted
    version: "1.5.5"
  stack_trace:
    dependency: transitive
    description:
      name: stack_trace
      url: "http://pub.lan.wiqun.com"
    source: hosted
    version: "1.9.3"
  stream_channel:
    dependency: transitive
    description:
      name: stream_channel
      url: "http://pub.lan.wiqun.com"
    source: hosted
    version: "2.0.0"
  string_scanner:
    dependency: transitive
    description:
      name: string_scanner
      url: "http://pub.lan.wiqun.com"
    source: hosted
    version: "1.0.5"
  table_calendar:
    dependency: "direct main"
    description:
      name: table_calendar
      url: "http://pub.lan.wiqun.com"
    source: hosted
    version: "2.2.2"
  term_glyph:
    dependency: transitive
    description:
      name: term_glyph
      url: "http://pub.lan.wiqun.com"
    source: hosted
    version: "1.1.0"
  test_api:
    dependency: transitive
    description:
      name: test_api
      url: "http://pub.lan.wiqun.com"
    source: hosted
    version: "0.2.5"
  transformer_page_view:
    dependency: transitive
    description:
      name: transformer_page_view
      url: "http://pub.lan.wiqun.com"
    source: hosted
    version: "0.1.6"
  typed_data:
    dependency: transitive
    description:
      name: typed_data
      url: "http://pub.lan.wiqun.com"
    source: hosted
    version: "1.1.6"
  url_launcher:
    dependency: "direct main"
    description:
      name: url_launcher
      url: "http://pub.lan.wiqun.com"
    source: hosted
    version: "5.2.1"
  uuid:
    dependency: transitive
    description:
      name: uuid
      url: "http://pub.lan.wiqun.com"
    source: hosted
    version: "2.0.4"
  vector_math:
    dependency: transitive
    description:
      name: vector_math
      url: "http://pub.lan.wiqun.com"
    source: hosted
    version: "2.0.8"
  video_player:
    dependency: "direct main"
    description:
      name: video_player
      url: "http://pub.lan.wiqun.com"
    source: hosted
    version: "0.10.2+5"
sdks:
  dart: ">=2.5.0 <3.0.0"
  flutter: ">=1.9.1+hotfix.2 <2.0.0"
